
Microsoft Visual Studio Solution File, Format Version 12.00
Project("{FAE04EC0-301F-11D3-BF4B-00C04F79EFBC}") = "Assignment02", "Assignment02\Assignment02.csproj", "{CEA5C0AC-8EEB-48F6-912B-4CA747DCE44A}"
EndProject
Project("{FAE04EC0-301F-11D3-BF4B-00C04F79EFBC}") = "Prime", "Prime\Prime.csproj", "{09C1A76A-0A85-411D-80AB-05FA27C1072E}"
EndProject
Project("{FAE04EC0-301F-11D3-BF4B-00C04F79EFBC}") = "krotations", "krotations\krotations.csproj", "{785532E4-09FE-4949-BDCD-08BD90118FE1}"
EndProject
Project("{FAE04EC0-301F-11D3-BF4B-00C04F79EFBC}") = "LongestSequence", "LongestSequence\LongestSequence.csproj", "{2C9ADD99-1CF5-45F9-B274-5510E5FDE420}"
EndProject
Project("{FAE04EC0-301F-11D3-BF4B-00C04F79EFBC}") = "ReverseString", "ReverseString\ReverseString.csproj", "{C481B8FC-AF0D-4E95-9C45-35D1E263BA77}"
EndProject
Global
	GlobalSection(SolutionConfigurationPlatforms) = preSolution
		Debug|Any CPU = Debug|Any CPU
		Release|Any CPU = Release|Any CPU
	EndGlobalSection
	GlobalSection(ProjectConfigurationPlatforms) = postSolution
		{CEA5C0AC-8EEB-48F6-912B-4CA747DCE44A}.Debug|Any CPU.ActiveCfg = Debug|Any CPU
		{CEA5C0AC-8EEB-48F6-912B-4CA747DCE44A}.Debug|Any CPU.Build.0 = Debug|Any CPU
		{CEA5C0AC-8EEB-48F6-912B-4CA747DCE44A}.Release|Any CPU.ActiveCfg = Release|Any CPU
		{CEA5C0AC-8EEB-48F6-912B-4CA747DCE44A}.Release|Any CPU.Build.0 = Release|Any CPU
		{09C1A76A-0A85-411D-80AB-05FA27C1072E}.Debug|Any CPU.ActiveCfg = Debug|Any CPU
		{09C1A76A-0A85-411D-80AB-05FA27C1072E}.Debug|Any CPU.Build.0 = Debug|Any CPU
		{09C1A76A-0A85-411D-80AB-05FA27C1072E}.Release|Any CPU.ActiveCfg = Release|Any CPU
		{09C1A76A-0A85-411D-80AB-05FA27C1072E}.Release|Any CPU.Build.0 = Release|Any CPU
		{785532E4-09FE-4949-BDCD-08BD90118FE1}.Debug|Any CPU.ActiveCfg = Debug|Any CPU
		{785532E4-09FE-4949-BDCD-08BD90118FE1}.Debug|Any CPU.Build.0 = Debug|Any CPU
		{785532E4-09FE-4949-BDCD-08BD90118FE1}.Release|Any CPU.ActiveCfg = Release|Any CPU
		{785532E4-09FE-4949-BDCD-08BD90118FE1}.Release|Any CPU.Build.0 = Release|Any CPU
		{2C9ADD99-1CF5-45F9-B274-5510E5FDE420}.Debug|Any CPU.ActiveCfg = Debug|Any CPU
		{2C9ADD99-1CF5-45F9-B274-5510E5FDE420}.Debug|Any CPU.Build.0 = Debug|Any CPU
		{2C9ADD99-1CF5-45F9-B274-5510E5FDE420}.Release|Any CPU.ActiveCfg = Release|Any CPU
		{2C9ADD99-1CF5-45F9-B274-5510E5FDE420}.Release|Any CPU.Build.0 = Release|Any CPU
		{C481B8FC-AF0D-4E95-9C45-35D1E263BA77}.Debug|Any CPU.ActiveCfg = Debug|Any CPU
		{C481B8FC-AF0D-4E95-9C45-35D1E263BA77}.Debug|Any CPU.Build.0 = Debug|Any CPU
		{C481B8FC-AF0D-4E95-9C45-35D1E263BA77}.Release|Any CPU.ActiveCfg = Release|Any CPU
		{C481B8FC-AF0D-4E95-9C45-35D1E263BA77}.Release|Any CPU.Build.0 = Release|Any CPU
	EndGlobalSection
EndGlobal
